PODS:
  - FacebookCore (0.9.0):
    - FBSDKCoreKit (~> 5.0)
  - FacebookShare (0.9.0):
    - FacebookCore (~> 0.9.0)
    - FBSDKCoreKit (~> 5.0)
    - FBSDKShareKit (~> 5.0)
  - FBSDKCoreKit (5.15.1):
    - FBSDKCoreKit/Basics (= 5.15.1)
    - FBSDKCoreKit/Core (= 5.15.1)
  - FBSDKCoreKit/Basics (5.15.1)
  - FBSDKCoreKit/Core (5.15.1):
    - FBSDKCoreKit/Basics
  - FBSDKShareKit (5.15.1):
    - FBSDKShareKit/Share (= 5.15.1)
  - FBSDKShareKit/Share (5.15.1):
    - FBSDKCoreKit (~> 5.0)
  - Flutter (1.0.0)
  - flutter_share_me (0.0.1):
    - FacebookShare
    - Flutter
  - launch_review (0.0.1):
    - Flutter
  - path_provider_ios (0.0.1):
    - Flutter
  - social_share (0.0.1):
    - Flutter
  - webview_flutter_wkwebview (0.0.1):
    - Flutter

DEPENDENCIES:
  - Flutter (from `Flutter`)
  - flutter_share_me (from `.symlinks/plugins/flutter_share_me/ios`)
  - launch_review (from `.symlinks/plugins/launch_review/ios`)
  - path_provider_ios (from `.symlinks/plugins/path_provider_ios/ios`)
  - social_share (from `.symlinks/plugins/social_share/ios`)
  - webview_flutter_wkwebview (from `.symlinks/plugins/webview_flutter_wkwebview/ios`)

SPEC REPOS:
  trunk:
    - FacebookCore
    - FacebookShare
    - FBSDKCoreKit
    - FBSDKShareKit

EXTERNAL SOURCES:
  Flutter:
    :path: Flutter
  flutter_share_me:
    :path: ".symlinks/plugins/flutter_share_me/ios"
  launch_review:
    :path: ".symlinks/plugins/launch_review/ios"
  path_provider_ios:
    :path: ".symlinks/plugins/path_provider_ios/ios"
  social_share:
    :path: ".symlinks/plugins/social_share/ios"
  webview_flutter_wkwebview:
    :path: ".symlinks/plugins/webview_flutter_wkwebview/ios"

SPEC CHECKSUMS:
  FacebookCore: ba86524b66cfa86d0f8e65d08faa8504a9f732dd
  FacebookShare: 85968ad1b1606c4944fb154924e425fd29184ea5
  FBSDKCoreKit: 1d5acf7c9d7a2f92bb1a242dc60cae5b7adb91df
  FBSDKShareKit: 259737eab3cc807087374553abdf588b3096ba55
  Flutter: 50d75fe2f02b26cc09d224853bb45737f8b3214a
  flutter_share_me: 908cbbb695723a87657fabb166d5ec28737d3ba8
  launch_review: 75d5a956ba8eaa493e9c9d4bf4c05e505e8d5ed0
  path_provider_ios: 7d7ce634493af4477d156294792024ec3485acd5
  social_share: 702a5e3842addd22db515aa9e1e00a4b80a0296d
  webview_flutter_wkwebview: 005fbd90c888a42c5690919a1527ecc6649e1162

PODFILE CHECKSUM: 595123bea34744a6c5bd182f6b88cf59dd8b9e38

COCOAPODS: 1.11.2
